// !$*UTF8*$!
{
	archiveVersion = 1;
	classes = {
	};
	objectVersion = 56;
	objects = {

/* Begin PBXBuildFile section */
		618F75E6290252C9001D004D /* AppDelegate.swift in Sources */ = {isa = PBXBuildFile; fileRef = 618F75E5290252C9001D004D /* AppDelegate.swift */; };
		618F75E8290252C9001D004D /* SceneDelegate.swift in Sources */ = {isa = PBXBuildFile; fileRef = 618F75E7290252C9001D004D /* SceneDelegate.swift */; };
		618F75EA290252C9001D004D /* CandlestickChartViewController.swift in Sources */ = {isa = PBXBuildFile; fileRef = 618F75E9290252C9001D004D /* CandlestickChartViewController.swift */; };
		618F75ED290252C9001D004D /* Main.storyboard in Resources */ = {isa = PBXBuildFile; fileRef = 618F75EB290252C9001D004D /* Main.storyboard */; };
		618F75EF290252C9001D004D /* Assets.xcassets in Resources */ = {isa = PBXBuildFile; fileRef = 618F75EE290252C9001D004D /* Assets.xcassets */; };
		618F75F2290252C9001D004D /* LaunchScreen.storyboard in Resources */ = {isa = PBXBuildFile; fileRef = 618F75F0290252C9001D004D /* LaunchScreen.storyboard */; };
		618F75FC29025603001D004D /* Endpoint.swift in Sources */ = {isa = PBXBuildFile; fileRef = 618F75FB29025603001D004D /* Endpoint.swift */; };
		618F75FE290256B6001D004D /* CryptoCandleEndpoint.swift in Sources */ = {isa = PBXBuildFile; fileRef = 618F75FD290256B6001D004D /* CryptoCandleEndpoint.swift */; };
		618F7600290257C6001D004D /* NetworkManager.swift in Sources */ = {isa = PBXBuildFile; fileRef = 618F75FF290257C6001D004D /* NetworkManager.swift */; };
		618F7603290325DC001D004D /* Candlesticks.swift in Sources */ = {isa = PBXBuildFile; fileRef = 618F7602290325DC001D004D /* Candlesticks.swift */; };
		618F76062903546B001D004D /* Charts in Frameworks */ = {isa = PBXBuildFile; productRef = 618F76052903546B001D004D /* Charts */; };
/* End PBXBuildFile section */

/* Begin PBXFileReference section */
		618F75E2290252C9001D004D /* CryptoCandles.app */ = {isa = PBXFileReference; explicitFileType = wrapper.application; includeInIndex = 0; path = CryptoCandles.app; sourceTree = BUILT_PRODUCTS_DIR; };
		618F75E5290252C9001D004D /* AppDelegate.swift */ = {isa = PBXFileReference; lastKnownFileType = sourcecode.swift; path = AppDelegate.swift; sourceTree = "<group>"; };
		618F75E7290252C9001D004D /* SceneDelegate.swift */ = {isa = PBXFileReference; lastKnownFileType = sourcecode.swift; path = SceneDelegate.swift; sourceTree = "<group>"; };
		618F75E9290252C9001D004D /* CandlestickChartViewController.swift */ = {isa = PBXFileReference; lastKnownFileType = sourcecode.swift; path = CandlestickChartViewController.swift; sourceTree = "<group>"; };
		618F75EC290252C9001D004D /* Base */ = {isa = PBXFileReference; lastKnownFileType = file.storyboard; name = Base; path = Base.lproj/Main.storyboard; sourceTree = "<group>"; };
		618F75EE290252C9001D004D /* Assets.xcassets */ = {isa = PBXFileReference; lastKnownFileType = folder.assetcatalog; path = Assets.xcassets; sourceTree = "<group>"; };
		618F75F1290252C9001D004D /* Base */ = {isa = PBXFileReference; lastKnownFileType = file.storyboard; name = Base; path = Base.lproj/LaunchScreen.storyboard; sourceTree = "<group>"; };
		618F75F3290252C9001D004D /* Info.plist */ = {isa = PBXFileReference; lastKnownFileType = text.plist.xml; path = Info.plist; sourceTree = "<group>"; };
		618F75FB29025603001D004D /* Endpoint.swift */ = {isa = PBXFileReference; lastKnownFileType = sourcecode.swift; path = Endpoint.swift; sourceTree = "<group>"; };
		618F75FD290256B6001D004D /* CryptoCandleEndpoint.swift */ = {isa = PBXFileReference; lastKnownFileType = sourcecode.swift; path = CryptoCandleEndpoint.swift; sourceTree = "<group>"; };
		618F75FF290257C6001D004D /* NetworkManager.swift */ = {isa = PBXFileReference; lastKnownFileType = sourcecode.swift; path = NetworkManager.swift; sourceTree = "<group>"; };
		618F7602290325DC001D004D /* Candlesticks.swift */ = {isa = PBXFileReference; lastKnownFileType = sourcecode.swift; path = Candlesticks.swift; sourceTree = "<group>"; };
/* End PBXFileReference section */

/* Begin PBXFrameworksBuildPhase section */
		618F75DF290252C9001D004D /* Frameworks */ = {
			isa = PBXFrameworksBuildPhase;
			buildActionMask = 2147483647;
			files = (
				618F76062903546B001D004D /* Charts in Frameworks */,
			);
			runOnlyForDeploymentPostprocessing = 0;
		};
/* End PBXFrameworksBuildPhase section */

/* Begin PBXGroup section */
		618F75D9290252C9001D004D = {
			isa = PBXGroup;
			children = (
				618F75E4290252C9001D004D /* CryptoCandles */,
				618F75E3290252C9001D004D /* Products */,
			);
			sourceTree = "<group>";
		};
		618F75E3290252C9001D004D /* Products */ = {
			isa = PBXGroup;
			children = (
				618F75E2290252C9001D004D /* CryptoCandles.app */,
			);
			name = Products;
			sourceTree = "<group>";
		};
		618F75E4290252C9001D004D /* CryptoCandles */ = {
			isa = PBXGroup;
			children = (
				618F75F92902537B001D004D /* Supporting Files */,
				618F7601290325CB001D004D /* Models */,
				618F75FA290255DA001D004D /* Network */,
				61DFE4AF290C94F500FF1A3A /* Scenes */,
				618F75F3290252C9001D004D /* Info.plist */,
			);
			path = CryptoCandles;
			sourceTree = "<group>";
		};
		618F75F92902537B001D004D /* Supporting Files */ = {
			isa = PBXGroup;
			children = (
				618F75E5290252C9001D004D /* AppDelegate.swift */,
				618F75E7290252C9001D004D /* SceneDelegate.swift */,
				618F75EE290252C9001D004D /* Assets.xcassets */,
				618F75F0290252C9001D004D /* LaunchScreen.storyboard */,
			);
			path = "Supporting Files";
			sourceTree = "<group>";
		};
		618F75FA290255DA001D004D /* Network */ = {
			isa = PBXGroup;
			children = (
				618F75FB29025603001D004D /* Endpoint.swift */,
				618F75FD290256B6001D004D /* CryptoCandleEndpoint.swift */,
				618F75FF290257C6001D004D /* NetworkManager.swift */,
			);
			path = Network;
			sourceTree = "<group>";
		};
		618F7601290325CB001D004D /* Models */ = {
			isa = PBXGroup;
			children = (
				618F7602290325DC001D004D /* Candlesticks.swift */,
			);
			path = Models;
			sourceTree = "<group>";
		};
		61DFE4AF290C94F500FF1A3A /* Scenes */ = {
			isa = PBXGroup;
			children = (
				618F75EB290252C9001D004D /* Main.storyboard */,
				61DFE4B0290C94FF00FF1A3A /* CandlestickChart */,
			);
			path = Scenes;
			sourceTree = "<group>";
		};
/* End PBXGroup section */

/* Begin PBXNativeTarget section */
		618F75E1290252C9001D004D /* CryptoCandles */ = {
			isa = PBXNativeTarget;
			buildConfigurationList = 618F75F6290252C9001D004D /* Build configuration list for PBXNativeTarget "CryptoCandles" */;
			buildPhases = (
				618F75DE290252C9001D004D /* Sources */,
				618F75DF290252C9001D004D /* Frameworks */,
				618F75E0290252C9001D004D /* Resources */,
			);
			buildRules = (
			);
			dependencies = (
			);
			name = CryptoCandles;
			packageProductDependencies = (
				618F76052903546B001D004D /* Charts */,
			);
			productName = CryptoCandles;
			productReference = 618F75E2290252C9001D004D /* CryptoCandles.app */;
			productType = "com.apple.product-type.application";
		};
/* End PBXNativeTarget section */

/* Begin PBXProject section */
		618F75DA290252C9001D004D /* Project object */ = {
			isa = PBXProject;
			attributes = {
				BuildIndependentTargetsInParallel = 1;
				LastSwiftUpdateCheck = 1400;
				LastUpgradeCheck = 1400;
				TargetAttributes = {
					618F75E1290252C9001D004D = {
						CreatedOnToolsVersion = 14.0.1;
					};
				};
			};
			buildConfigurationList = 618F75DD290252C9001D004D /* Build configuration list for PBXProject "CryptoCandles" */;
			compatibilityVersion = "Xcode 14.0";
			developmentRegion = en;
			hasScannedForEncodings = 0;
			knownRegions = (
				en,
				Base,
			);
			mainGroup = 618F75D9290252C9001D004D;
			packageReferences = (
				618F76042903546B001D004D /* XCRemoteSwiftPackageReference "Charts" */,
			);
			productRefGroup = 618F75E3290252C9001D004D /* Products */;
			projectDirPath = "";
			projectRoot = "";
			targets = (
				618F75E1290252C9001D004D /* CryptoCandles */,
			);
		};
/* End PBXProject section */

/* Begin PBXResourcesBuildPhase section */
		618F75E0290252C9001D004D /* Resources */ = {
			isa = PBXResourcesBuildPhase;
			buildActionMask = 2147483647;
			files = (
				618F75F2290252C9001D004D /* LaunchScreen.storyboard in Resources */,
				618F75EF290252C9001D004D /* Assets.xcassets in Resources */,
				618F75ED290252C9001D004D /* Main.storyboard in Resources */,
			);
			runOnlyForDeploymentPostprocessing = 0;
		};
/* End PBXResourcesBuildPhase section */

/* Begin PBXSourcesBuildPhase section */
		618F75DE290252C9001D004D /* Sources */ = {
			isa = PBXSourcesBuildPhase;
			buildActionMask = 2147483647;
			files = (
				618F7600290257C6001D004D /* NetworkManager.swift in Sources */,
				618F75FC29025603001D004D /* Endpoint.swift in Sources */,
				618F75FE290256B6001D004D /* CryptoCandleEndpoint.swift in Sources */,
				618F75EA290252C9001D004D /* CandlestickChartViewController.swift in Sources */,
				618F7603290325DC001D004D /* Candlesticks.swift in Sources */,
				618F75E6290252C9001D004D /* AppDelegate.swift in Sources */,
				618F75E8290252C9001D004D /* SceneDelegate.swift in Sources */,
			);
			runOnlyForDeploymentPostprocessing = 0;
		};
/* End PBXSourcesBuildPhase section */

/* Begin PBXVariantGroup section */
		618F75EB290252C9001D004D /* Main.storyboard */ = {
			isa = PBXVariantGroup;
			children = (
				618F75EC290252C9001D004D /* Base */,
			);
			name = Main.storyboard;
			sourceTree = "<group>";
		};
		618F75F0290252C9001D004D /* LaunchScreen.storyboard */ = {
			isa = PBXVariantGroup;
			children = (
				618F75F1290252C9001D004D /* Base */,
			);
			name = LaunchScreen.storyboard;
			sourceTree = "<group>";
		};
/* End PBXVariantGroup section */

/* Begin XCBuildConfiguration section */
		618F75F4290252C9001D004D /* Debug */ = {
			isa = XCBuildConfiguration;
			buildSettings = {
				ALWAYS_SEARCH_USER_PATHS = NO;
				CLANG_ANALYZER_NONNULL = YES;
				CLANG_ANALYZER_NUMBER_OBJECT_CONVERSION = YES_AGGRESSIVE;
				CLANG_CXX_LANGUAGE_STANDARD = "gnu++20";
				CLANG_ENABLE_MODULES = YES;
				CLANG_ENABLE_OBJC_ARC = YES;
				CLANG_ENABLE_OBJC_WEAK = YES;
				CLANG_WARN_BLOCK_CAPTURE_AUTORELEASING = YES;
				CLANG_WARN_BOOL_CONVERSION = YES;
				CLANG_WARN_COMMA = YES;
				CLANG_WARN_CONSTANT_CONVERSION = YES;
				CLANG_WARN_DEPRECATED_OBJC_IMPLEMENTATIONS = YES;
				CLANG_WARN_DIRECT_OBJC_ISA_USAGE = YES_ERROR;
				CLANG_WARN_DOCUMENTATION_COMMENTS = YES;
				CLANG_WARN_EMPTY_BODY = YES;
				CLANG_WARN_ENUM_CONVERSION = YES;
				CLANG_WARN_INFINITE_RECURSION = YES;
				CLANG_WARN_INT_CONVERSION = YES;
				CLANG_WARN_NON_LITERAL_NULL_CONVERSION = YES;
				CLANG_WARN_OBJC_IMPLICIT_RETAIN_SELF = YES;
				CLANG_WARN_OBJC_LITERAL_CONVERSION = YES;
				CLANG_WARN_OBJC_ROOT_CLASS = YES_ERROR;
				CLANG_WARN_QUOTED_INCLUDE_IN_FRAMEWORK_HEADER = YES;
				CLANG_WARN_RANGE_LOOP_ANALYSIS = YES;
				CLANG_WARN_STRICT_PROTOTYPES = YES;
				CLANG_WARN_SUSPICIOUS_MOVE = YES;
				CLANG_WARN_UNGUARDED_AVAILABILITY = YES_AGGRESSIVE;
				CLANG_WARN_UNREACHABLE_CODE = YES;
				CLANG_WARN__DUPLICATE_METHOD_MATCH = YES;
				COPY_PHASE_STRIP = NO;
				DEBUG_INFORMATION_FORMAT = dwarf;
				ENABLE_STRICT_OBJC_MSGSEND = YES;
				ENABLE_TESTABILITY = YES;
				GCC_C_LANGUAGE_STANDARD = gnu11;
				GCC_DYNAMIC_NO_PIC = NO;
				GCC_NO_COMMON_BLOCKS = YES;
				GCC_OPTIMIZATION_LEVEL = 0;
				GCC_PREPROCESSOR_DEFINITIONS = (
					"DEBUG=1",
					"$(inherited)",
				);
				GCC_WARN_64_TO_32_BIT_CONVERSION = YES;
				GCC_WARN_ABOUT_RETURN_TYPE = YES_ERROR;
				GCC_WARN_UNDECLARED_SELECTOR = YES;
				GCC_WARN_UNINITIALIZED_AUTOS = YES_AGGRESSIVE;
				GCC_WARN_UNUSED_FUNCTION = YES;
				GCC_WARN_UNUSED_VARIABLE = YES;
				IPHONEOS_DEPLOYMENT_TARGET = 16.0;
				MTL_ENABLE_DEBUG_INFO = INCLUDE_SOURCE;
				MTL_FAST_MATH = YES;
				ONLY_ACTIVE_ARCH = YES;
				SDKROOT = iphoneos;
				SWIFT_ACTIVE_COMPILATION_CONDITIONS = DEBUG;
				SWIFT_OPTIMIZATION_LEVEL = "-Onone";
			};
			name = Debug;
		};
		618F75F5290252C9001D004D /* Release */ = {
			isa = XCBuildConfiguration;
			buildSettings = {
				ALWAYS_SEARCH_USER_PATHS = NO;
				CLANG_ANALYZER_NONNULL = YES;
				CLANG_ANALYZER_NUMBER_OBJECT_CONVERSION = YES_AGGRESSIVE;
				CLANG_CXX_LANGUAGE_STANDARD = "gnu++20";
				CLANG_ENABLE_MODULES = YES;
				CLANG_ENABLE_OBJC_ARC = YES;
				CLANG_ENABLE_OBJC_WEAK = YES;
				CLANG_WARN_BLOCK_CAPTURE_AUTORELEASING = YES;
				CLANG_WARN_BOOL_CONVERSION = YES;
				CLANG_WARN_COMMA = YES;
				CLANG_WARN_CONSTANT_CONVERSION = YES;
				CLANG_WARN_DEPRECATED_OBJC_IMPLEMENTATIONS = YES;
				CLANG_WARN_DIRECT_OBJC_ISA_USAGE = YES_ERROR;
				CLANG_WARN_DOCUMENTATION_COMMENTS = YES;
				CLANG_WARN_EMPTY_BODY = YES;
				CLANG_WARN_ENUM_CONVERSION = YES;
				CLANG_WARN_INFINITE_RECURSION = YES;
				CLANG_WARN_INT_CONVERSION = YES;
				CLANG_WARN_NON_LITERAL_NULL_CONVERSION = YES;
				CLANG_WARN_OBJC_IMPLICIT_RETAIN_SELF = YES;
				CLANG_WARN_OBJC_LITERAL_CONVERSION = YES;
				CLANG_WARN_OBJC_ROOT_CLASS = YES_ERROR;
				CLANG_WARN_QUOTED_INCLUDE_IN_FRAMEWORK_HEADER = YES;
				CLANG_WARN_RANGE_LOOP_ANALYSIS = YES;
				CLANG_WARN_STRICT_PROTOTYPES = YES;
				CLANG_WARN_SUSPICIOUS_MOVE = YES;
				CLANG_WARN_UNGUARDED_AVAILABILITY = YES_AGGRESSIVE;
				CLANG_WARN_UNREACHABLE_CODE = YES;
				CLANG_WARN__DUPLICATE_METHOD_MATCH = YES;
				COPY_PHASE_STRIP = NO;
				DEBUG_INFORMATION_FORMAT = "dwarf-with-dsym";
				ENABLE_NS_ASSERTIONS = NO;
				ENABLE_STRICT_OBJC_MSGSEND = YES;
				GCC_C_LANGUAGE_STANDARD = gnu11;
				GCC_NO_COMMON_BLOCKS = YES;
				GCC_WARN_64_TO_32_BIT_CONVERSION = YES;
				GCC_WARN_ABOUT_RETURN_TYPE = YES_ERROR;
				GCC_WARN_UNDECLARED_SELECTOR = YES;
				GCC_WARN_UNINITIALIZED_AUTOS = YES_AGGRESSIVE;
				GCC_WARN_UNUSED_FUNCTION = YES;
				GCC_WARN_UNUSED_VARIABLE = YES;
				IPHONEOS_DEPLOYMENT_TARGET = 16.0;
				MTL_ENABLE_DEBUG_INFO = NO;
				MTL_FAST_MATH = YES;
				SDKROOT = iphoneos;
				SWIFT_COMPILATION_MODE = wholemodule;
				SWIFT_OPTIMIZATION_LEVEL = "-O";
				VALIDATE_PRODUCT = YES;
			};
			name = Release;
		};
		618F75F7290252C9001D004D /* Debug */ = {
			isa = XCBuildConfiguration;
			buildSettings = {
				ASSETCATALOG_COMPILER_APPICON_NAME = AppIcon;
				ASSETCATALOG_COMPILER_GLOBAL_ACCENT_COLOR_NAME = AccentColor;
				CODE_SIGN_STYLE = Automatic;
				CURRENT_PROJECT_VERSION = 1;
				DEVELOPMENT_TEAM = 8WWJWU7869;
				GENERATE_INFOPLIST_FILE = YES;
				INFOPLIST_FILE = CryptoCandles/Info.plist;
				INFOPLIST_KEY_UIApplicationSupportsIndirectInputEvents = YES;
				INFOPLIST_KEY_UILaunchStoryboardName = LaunchScreen;
				INFOPLIST_KEY_UIMainStoryboardFile = Main;
				INFOPLIST_KEY_UISupportedInterfaceOrientations_iPad = "UIInterfaceOrientationPortrait UIInterfaceOrientationPortraitUpsideDown UIInterfaceOrientationLandscapeLeft UIInterfaceOrientationLandscapeRight";
				INFOPLIST_KEY_UISupportedInterfaceOrientations_iPhone = "UIInterfaceOrientationPortrait UIInterfaceOrientationLandscapeLeft UIInterfaceOrientationLandscapeRight";
				LD_RUNPATH_SEARCH_PATHS = (
					"$(inherited)",
					"@executable_path/Frameworks",
				);
				MARKETING_VERSION = 1.0;
				PRODUCT_BUNDLE_IDENTIFIER = com.nadawoud.CryptoCandles;
				PRODUCT_NAME = "$(TARGET_NAME)";
				SWIFT_EMIT_LOC_STRINGS = YES;
				SWIFT_VERSION = 5.0;
				TARGETED_DEVICE_FAMILY = "1,2";
			};
			name = Debug;
		};
		618F75F8290252C9001D004D /* Release */ = {
			isa = XCBuildConfiguration;
			buildSettings = {
				ASSETCATALOG_COMPILER_APPICON_NAME = AppIcon;
				ASSETCATALOG_COMPILER_GLOBAL_ACCENT_COLOR_NAME = AccentColor;
				CODE_SIGN_STYLE = Automatic;
				CURRENT_PROJECT_VERSION = 1;
				DEVELOPMENT_TEAM = 8WWJWU7869;
				GENERATE_INFOPLIST_FILE = YES;
				INFOPLIST_FILE = CryptoCandles/Info.plist;
				INFOPLIST_KEY_UIApplicationSupportsIndirectInputEvents = YES;
				INFOPLIST_KEY_UILaunchStoryboardName = LaunchScreen;
				INFOPLIST_KEY_UIMainStoryboardFile = Main;
				INFOPLIST_KEY_UISupportedInterfaceOrientations_iPad = "UIInterfaceOrientationPortrait UIInterfaceOrientationPortraitUpsideDown UIInterfaceOrientationLandscapeLeft UIInterfaceOrientationLandscapeRight";
				INFOPLIST_KEY_UISupportedInterfaceOrientations_iPhone = "UIInterfaceOrientationPortrait UIInterfaceOrientationLandscapeLeft UIInterfaceOrientationLandscapeRight";
				LD_RUNPATH_SEARCH_PATHS = (
					"$(inherited)",
					"@executable_path/Frameworks",
				);
				MARKETING_VERSION = 1.0;
				PRODUCT_BUNDLE_IDENTIFIER = com.nadawoud.CryptoCandles;
				PRODUCT_NAME = "$(TARGET_NAME)";
				SWIFT_EMIT_LOC_STRINGS = YES;
				SWIFT_VERSION = 5.0;
				TARGETED_DEVICE_FAMILY = "1,2";
			};
			name = Release;
		};
/* End XCBuildConfiguration section */

/* Begin XCConfigurationList section */
		618F75DD290252C9001D004D /* Build configuration list for PBXProject "CryptoCandles" */ = {
			isa = XCConfigurationList;
			buildConfigurations = (
				618F75F4290252C9001D004D /* Debug */,
				618F75F5290252C9001D004D /* Release */,
			);
			defaultConfigurationIsVisible = 0;
			defaultConfigurationName = Release;
		};
		618F75F6290252C9001D004D /* Build configuration list for PBXNativeTarget "CryptoCandles" */ = {
			isa = XCConfigurationList;
			buildConfigurations = (
				618F75F7290252C9001D004D /* Debug */,
				618F75F8290252C9001D004D /* Release */,
			);
			defaultConfigurationIsVisible = 0;
			defaultConfigurationName = Release;
		};
/* End XCConfigurationList section */

/* Begin XCRemoteSwiftPackageReference section */
		618F76042903546B001D004D /* XCRemoteSwiftPackageReference "Charts" */ = {
			isa = XCRemoteSwiftPackageReference;
			repositoryURL = "https://github.com/danielgindi/Charts.git";
			requirement = {
				kind = upToNextMajorVersion;
				minimumVersion = 4.1.0;
			};
		};
/* End XCRemoteSwiftPackageReference section */

/* Begin XCSwiftPackageProductDependency section */
		618F76052903546B001D004D /* Charts */ = {
			isa = XCSwiftPackageProductDependency;
			package = 618F76042903546B001D004D /* XCRemoteSwiftPackageReference "Charts" */;
			productName = Charts;
		};
/* End XCSwiftPackageProductDependency section */
	};
	rootObject = 618F75DA290252C9001D004D /* Project object */;
}
